// !$*UTF8*$!
{
	archiveVersion = 1;
	classes = {
	};
	objectVersion = 55;
	objects = {

/* Begin PBXBuildFile section */
		4B1FF72627E7A655007F7C28 /* SearchResult.swift in Sources */ = {isa = PBXBuildFile; fileRef = 4B1FF72527E7A655007F7C28 /* SearchResult.swift */; };
		4B1FF72927E7B303007F7C28 /* Service.swift in Sources */ = {isa = PBXBuildFile; fileRef = 4B1FF72827E7B303007F7C28 /* Service.swift */; };
		4B6516DF27DD94EC00C966B3 /* AppDelegate.swift in Sources */ = {isa = PBXBuildFile; fileRef = 4B6516DE27DD94EC00C966B3 /* AppDelegate.swift */; };
		4B6516E127DD94EC00C966B3 /* SceneDelegate.swift in Sources */ = {isa = PBXBuildFile; fileRef = 4B6516E027DD94EC00C966B3 /* SceneDelegate.swift */; };
		4B6516E827DD94EF00C966B3 /* Assets.xcassets in Resources */ = {isa = PBXBuildFile; fileRef = 4B6516E727DD94EF00C966B3 /* Assets.xcassets */; };
		4B6516EB27DD94EF00C966B3 /* LaunchScreen.storyboard in Resources */ = {isa = PBXBuildFile; fileRef = 4B6516E927DD94EF00C966B3 /* LaunchScreen.storyboard */; };
		4B6516F327DD9AD400C966B3 /* BaseTabBarController.swift in Sources */ = {isa = PBXBuildFile; fileRef = 4B6516F227DD9AD400C966B3 /* BaseTabBarController.swift */; };
		4B6516F627DE297400C966B3 /* AppsSearchCollectionViewController.swift in Sources */ = {isa = PBXBuildFile; fileRef = 4B6516F527DE297400C966B3 /* AppsSearchCollectionViewController.swift */; };
		4B6516F927DE35BC00C966B3 /* SearchResultCollectionViewCell.swift in Sources */ = {isa = PBXBuildFile; fileRef = 4B6516F827DE35BC00C966B3 /* SearchResultCollectionViewCell.swift */; };
		4B6516FC27DECFC100C966B3 /* UIView + Layout.swift in Sources */ = {isa = PBXBuildFile; fileRef = 4B6516FB27DECFC100C966B3 /* UIView + Layout.swift */; };
		4B6516FE27DED0C600C966B3 /* VerticalStackView.swift in Sources */ = {isa = PBXBuildFile; fileRef = 4B6516FD27DED0C600C966B3 /* VerticalStackView.swift */; };
/* End PBXBuildFile section */

/* Begin PBXFileReference section */
		4B1FF72527E7A655007F7C28 /* SearchResult.swift */ = {isa = PBXFileReference; lastKnownFileType = sourcecode.swift; path = SearchResult.swift; sourceTree = "<group>"; };
		4B1FF72827E7B303007F7C28 /* Service.swift */ = {isa = PBXFileReference; lastKnownFileType = sourcecode.swift; path = Service.swift; sourceTree = "<group>"; };
		4B6516DB27DD94EC00C966B3 /* AppstoreApp.app */ = {isa = PBXFileReference; explicitFileType = wrapper.application; includeInIndex = 0; path = AppstoreApp.app; sourceTree = BUILT_PRODUCTS_DIR; };
		4B6516DE27DD94EC00C966B3 /* AppDelegate.swift */ = {isa = PBXFileReference; lastKnownFileType = sourcecode.swift; path = AppDelegate.swift; sourceTree = "<group>"; };
		4B6516E027DD94EC00C966B3 /* SceneDelegate.swift */ = {isa = PBXFileReference; lastKnownFileType = sourcecode.swift; path = SceneDelegate.swift; sourceTree = "<group>"; };
		4B6516E727DD94EF00C966B3 /* Assets.xcassets */ = {isa = PBXFileReference; lastKnownFileType = folder.assetcatalog; path = Assets.xcassets; sourceTree = "<group>"; };
		4B6516EA27DD94EF00C966B3 /* Base */ = {isa = PBXFileReference; lastKnownFileType = file.storyboard; name = Base; path = Base.lproj/LaunchScreen.storyboard; sourceTree = "<group>"; };
		4B6516EC27DD94EF00C966B3 /* Info.plist */ = {isa = PBXFileReference; lastKnownFileType = text.plist.xml; path = Info.plist; sourceTree = "<group>"; };
		4B6516F227DD9AD400C966B3 /* BaseTabBarController.swift */ = {isa = PBXFileReference; lastKnownFileType = sourcecode.swift; path = BaseTabBarController.swift; sourceTree = "<group>"; };
		4B6516F527DE297400C966B3 /* AppsSearchCollectionViewController.swift */ = {isa = PBXFileReference; lastKnownFileType = sourcecode.swift; path = AppsSearchCollectionViewController.swift; sourceTree = "<group>"; };
		4B6516F827DE35BC00C966B3 /* SearchResultCollectionViewCell.swift */ = {isa = PBXFileReference; lastKnownFileType = sourcecode.swift; path = SearchResultCollectionViewCell.swift; sourceTree = "<group>"; };
		4B6516FB27DECFC100C966B3 /* UIView + Layout.swift */ = {isa = PBXFileReference; lastKnownFileType = sourcecode.swift; path = "UIView + Layout.swift"; sourceTree = "<group>"; };
		4B6516FD27DED0C600C966B3 /* VerticalStackView.swift */ = {isa = PBXFileReference; lastKnownFileType = sourcecode.swift; path = VerticalStackView.swift; sourceTree = "<group>"; };
/* End PBXFileReference section */

/* Begin PBXFrameworksBuildPhase section */
		4B6516D827DD94EC00C966B3 /* Frameworks */ = {
			isa = PBXFrameworksBuildPhase;
			buildActionMask = 2147483647;
			files = (
			);
			runOnlyForDeploymentPostprocessing = 0;
		};
/* End PBXFrameworksBuildPhase section */

/* Begin PBXGroup section */
		4B1FF72427E7A63C007F7C28 /* Model */ = {
			isa = PBXGroup;
			children = (
				4B1FF72527E7A655007F7C28 /* SearchResult.swift */,
			);
			path = Model;
			sourceTree = "<group>";
		};
		4B1FF72727E7B2FA007F7C28 /* Service */ = {
			isa = PBXGroup;
			children = (
				4B1FF72827E7B303007F7C28 /* Service.swift */,
			);
			path = Service;
			sourceTree = "<group>";
		};
		4B6516D227DD94EB00C966B3 = {
			isa = PBXGroup;
			children = (
				4B6516DD27DD94EC00C966B3 /* AppstoreApp */,
				4B6516DC27DD94EC00C966B3 /* Products */,
			);
			sourceTree = "<group>";
		};
		4B6516DC27DD94EC00C966B3 /* Products */ = {
			isa = PBXGroup;
			children = (
				4B6516DB27DD94EC00C966B3 /* AppstoreApp.app */,
			);
			name = Products;
			sourceTree = "<group>";
		};
		4B6516DD27DD94EC00C966B3 /* AppstoreApp */ = {
			isa = PBXGroup;
			children = (
				4B1FF72727E7B2FA007F7C28 /* Service */,
				4B1FF72427E7A63C007F7C28 /* Model */,
				4B6516FA27DECF8700C966B3 /* Helpers */,
				4B6516F727DE359600C966B3 /* Views */,
				4B6516F427DE294700C966B3 /* ViewController */,
				4B6516DE27DD94EC00C966B3 /* AppDelegate.swift */,
				4B6516E027DD94EC00C966B3 /* SceneDelegate.swift */,
				4B6516E727DD94EF00C966B3 /* Assets.xcassets */,
				4B6516E927DD94EF00C966B3 /* LaunchScreen.storyboard */,
				4B6516EC27DD94EF00C966B3 /* Info.plist */,
			);
			path = AppstoreApp;
			sourceTree = "<group>";
		};
		4B6516F427DE294700C966B3 /* ViewController */ = {
			isa = PBXGroup;
			children = (
				4B6516F227DD9AD400C966B3 /* BaseTabBarController.swift */,
				4B6516F527DE297400C966B3 /* AppsSearchCollectionViewController.swift */,
			);
			path = ViewController;
			sourceTree = "<group>";
		};
		4B6516F727DE359600C966B3 /* Views */ = {
			isa = PBXGroup;
			children = (
				4B6516F827DE35BC00C966B3 /* SearchResultCollectionViewCell.swift */,
			);
			path = Views;
			sourceTree = "<group>";
		};
		4B6516FA27DECF8700C966B3 /* Helpers */ = {
			isa = PBXGroup;
			children = (
				4B6516FB27DECFC100C966B3 /* UIView + Layout.swift */,
				4B6516FD27DED0C600C966B3 /* VerticalStackView.swift */,
			);
			path = Helpers;
			sourceTree = "<group>";
		};
/* End PBXGroup section */

/* Begin PBXNativeTarget section */
		4B6516DA27DD94EC00C966B3 /* AppstoreApp */ = {
			isa = PBXNativeTarget;
			buildConfigurationList = 4B6516EF27DD94EF00C966B3 /* Build configuration list for PBXNativeTarget "AppstoreApp" */;
			buildPhases = (
				4B6516D727DD94EC00C966B3 /* Sources */,
				4B6516D827DD94EC00C966B3 /* Frameworks */,
				4B6516D927DD94EC00C966B3 /* Resources */,
			);
			buildRules = (
			);
			dependencies = (
			);
			name = AppstoreApp;
			productName = AppstoreApp;
			productReference = 4B6516DB27DD94EC00C966B3 /* AppstoreApp.app */;
			productType = "com.apple.product-type.application";
		};
/* End PBXNativeTarget section */

/* Begin PBXProject section */
		4B6516D327DD94EB00C966B3 /* Project object */ = {
			isa = PBXProject;
			attributes = {
				BuildIndependentTargetsInParallel = 1;
				LastSwiftUpdateCheck = 1320;
				LastUpgradeCheck = 1320;
				TargetAttributes = {
					4B6516DA27DD94EC00C966B3 = {
						CreatedOnToolsVersion = 13.2.1;
					};
				};
			};
			buildConfigurationList = 4B6516D627DD94EC00C966B3 /* Build configuration list for PBXProject "AppstoreApp" */;
			compatibilityVersion = "Xcode 13.0";
			developmentRegion = en;
			hasScannedForEncodings = 0;
			knownRegions = (
				en,
				Base,
			);
			mainGroup = 4B6516D227DD94EB00C966B3;
			productRefGroup = 4B6516DC27DD94EC00C966B3 /* Products */;
			projectDirPath = "";
			projectRoot = "";
			targets = (
				4B6516DA27DD94EC00C966B3 /* AppstoreApp */,
			);
		};
/* End PBXProject section */

/* Begin PBXResourcesBuildPhase section */
		4B6516D927DD94EC00C966B3 /* Resources */ = {
			isa = PBXResourcesBuildPhase;
			buildActionMask = 2147483647;
			files = (
				4B6516EB27DD94EF00C966B3 /* LaunchScreen.storyboard in Resources */,
				4B6516E827DD94EF00C966B3 /* Assets.xcassets in Resources */,
			);
			runOnlyForDeploymentPostprocessing = 0;
		};
/* End PBXResourcesBuildPhase section */

/* Begin PBXSourcesBuildPhase section */
		4B6516D727DD94EC00C966B3 /* Sources */ = {
			isa = PBXSourcesBuildPhase;
			buildActionMask = 2147483647;
			files = (
				4B6516F627DE297400C966B3 /* AppsSearchCollectionViewController.swift in Sources */,
				4B6516F327DD9AD400C966B3 /* BaseTabBarController.swift in Sources */,
				4B1FF72627E7A655007F7C28 /* SearchResult.swift in Sources */,
				4B6516DF27DD94EC00C966B3 /* AppDelegate.swift in Sources */,
				4B6516E127DD94EC00C966B3 /* SceneDelegate.swift in Sources */,
				4B1FF72927E7B303007F7C28 /* Service.swift in Sources */,
				4B6516FC27DECFC100C966B3 /* UIView + Layout.swift in Sources */,
				4B6516F927DE35BC00C966B3 /* SearchResultCollectionViewCell.swift in Sources */,
				4B6516FE27DED0C600C966B3 /* VerticalStackView.swift in Sources */,
			);
			runOnlyForDeploymentPostprocessing = 0;
		};
/* End PBXSourcesBuildPhase section */

/* Begin PBXVariantGroup section */
		4B6516E927DD94EF00C966B3 /* LaunchScreen.storyboard */ = {
			isa = PBXVariantGroup;
			children = (
				4B6516EA27DD94EF00C966B3 /* Base */,
			);
			name = LaunchScreen.storyboard;
			sourceTree = "<group>";
		};
/* End PBXVariantGroup section */

/* Begin XCBuildConfiguration section */
		4B6516ED27DD94EF00C966B3 /* Debug */ = {
			isa = XCBuildConfiguration;
			buildSettings = {
				ALWAYS_SEARCH_USER_PATHS = NO;
				CLANG_ANALYZER_NONNULL = YES;
				CLANG_ANALYZER_NUMBER_OBJECT_CONVERSION = YES_AGGRESSIVE;
				CLANG_CXX_LANGUAGE_STANDARD = "gnu++17";
				CLANG_CXX_LIBRARY = "libc++";
				CLANG_ENABLE_MODULES = YES;
				CLANG_ENABLE_OBJC_ARC = YES;
				CLANG_ENABLE_OBJC_WEAK = YES;
				CLANG_WARN_BLOCK_CAPTURE_AUTORELEASING = YES;
				CLANG_WARN_BOOL_CONVERSION = YES;
				CLANG_WARN_COMMA = YES;
				CLANG_WARN_CONSTANT_CONVERSION = YES;
				CLANG_WARN_DEPRECATED_OBJC_IMPLEMENTATIONS = YES;
				CLANG_WARN_DIRECT_OBJC_ISA_USAGE = YES_ERROR;
				CLANG_WARN_DOCUMENTATION_COMMENTS = YES;
				CLANG_WARN_EMPTY_BODY = YES;
				CLANG_WARN_ENUM_CONVERSION = YES;
				CLANG_WARN_INFINITE_RECURSION = YES;
				CLANG_WARN_INT_CONVERSION = YES;
				CLANG_WARN_NON_LITERAL_NULL_CONVERSION = YES;
				CLANG_WARN_OBJC_IMPLICIT_RETAIN_SELF = YES;
				CLANG_WARN_OBJC_LITERAL_CONVERSION = YES;
				CLANG_WARN_OBJC_ROOT_CLASS = YES_ERROR;
				CLANG_WARN_QUOTED_INCLUDE_IN_FRAMEWORK_HEADER = YES;
				CLANG_WARN_RANGE_LOOP_ANALYSIS = YES;
				CLANG_WARN_STRICT_PROTOTYPES = YES;
				CLANG_WARN_SUSPICIOUS_MOVE = YES;
				CLANG_WARN_UNGUARDED_AVAILABILITY = YES_AGGRESSIVE;
				CLANG_WARN_UNREACHABLE_CODE = YES;
				CLANG_WARN__DUPLICATE_METHOD_MATCH = YES;
				COPY_PHASE_STRIP = NO;
				DEBUG_INFORMATION_FORMAT = dwarf;
				ENABLE_STRICT_OBJC_MSGSEND = YES;
				ENABLE_TESTABILITY = YES;
				GCC_C_LANGUAGE_STANDARD = gnu11;
				GCC_DYNAMIC_NO_PIC = NO;
				GCC_NO_COMMON_BLOCKS = YES;
				GCC_OPTIMIZATION_LEVEL = 0;
				GCC_PREPROCESSOR_DEFINITIONS = (
					"DEBUG=1",
					"$(inherited)",
				);
				GCC_WARN_64_TO_32_BIT_CONVERSION = YES;
				GCC_WARN_ABOUT_RETURN_TYPE = YES_ERROR;
				GCC_WARN_UNDECLARED_SELECTOR = YES;
				GCC_WARN_UNINITIALIZED_AUTOS = YES_AGGRESSIVE;
				GCC_WARN_UNUSED_FUNCTION = YES;
				GCC_WARN_UNUSED_VARIABLE = YES;
				IPHONEOS_DEPLOYMENT_TARGET = 15.2;
				MTL_ENABLE_DEBUG_INFO = INCLUDE_SOURCE;
				MTL_FAST_MATH = YES;
				ONLY_ACTIVE_ARCH = YES;
				SDKROOT = iphoneos;
				SWIFT_ACTIVE_COMPILATION_CONDITIONS = DEBUG;
				SWIFT_OPTIMIZATION_LEVEL = "-Onone";
			};
			name = Debug;
		};
		4B6516EE27DD94EF00C966B3 /* Release */ = {
			isa = XCBuildConfiguration;
			buildSettings = {
				ALWAYS_SEARCH_USER_PATHS = NO;
				CLANG_ANALYZER_NONNULL = YES;
				CLANG_ANALYZER_NUMBER_OBJECT_CONVERSION = YES_AGGRESSIVE;
				CLANG_CXX_LANGUAGE_STANDARD = "gnu++17";
				CLANG_CXX_LIBRARY = "libc++";
				CLANG_ENABLE_MODULES = YES;
				CLANG_ENABLE_OBJC_ARC = YES;
				CLANG_ENABLE_OBJC_WEAK = YES;
				CLANG_WARN_BLOCK_CAPTURE_AUTORELEASING = YES;
				CLANG_WARN_BOOL_CONVERSION = YES;
				CLANG_WARN_COMMA = YES;
				CLANG_WARN_CONSTANT_CONVERSION = YES;
				CLANG_WARN_DEPRECATED_OBJC_IMPLEMENTATIONS = YES;
				CLANG_WARN_DIRECT_OBJC_ISA_USAGE = YES_ERROR;
				CLANG_WARN_DOCUMENTATION_COMMENTS = YES;
				CLANG_WARN_EMPTY_BODY = YES;
				CLANG_WARN_ENUM_CONVERSION = YES;
				CLANG_WARN_INFINITE_RECURSION = YES;
				CLANG_WARN_INT_CONVERSION = YES;
				CLANG_WARN_NON_LITERAL_NULL_CONVERSION = YES;
				CLANG_WARN_OBJC_IMPLICIT_RETAIN_SELF = YES;
				CLANG_WARN_OBJC_LITERAL_CONVERSION = YES;
				CLANG_WARN_OBJC_ROOT_CLASS = YES_ERROR;
				CLANG_WARN_QUOTED_INCLUDE_IN_FRAMEWORK_HEADER = YES;
				CLANG_WARN_RANGE_LOOP_ANALYSIS = YES;
				CLANG_WARN_STRICT_PROTOTYPES = YES;
				CLANG_WARN_SUSPICIOUS_MOVE = YES;
				CLANG_WARN_UNGUARDED_AVAILABILITY = YES_AGGRESSIVE;
				CLANG_WARN_UNREACHABLE_CODE = YES;
				CLANG_WARN__DUPLICATE_METHOD_MATCH = YES;
				COPY_PHASE_STRIP = NO;
				DEBUG_INFORMATION_FORMAT = "dwarf-with-dsym";
				ENABLE_NS_ASSERTIONS = NO;
				ENABLE_STRICT_OBJC_MSGSEND = YES;
				GCC_C_LANGUAGE_STANDARD = gnu11;
				GCC_NO_COMMON_BLOCKS = YES;
				GCC_WARN_64_TO_32_BIT_CONVERSION = YES;
				GCC_WARN_ABOUT_RETURN_TYPE = YES_ERROR;
				GCC_WARN_UNDECLARED_SELECTOR = YES;
				GCC_WARN_UNINITIALIZED_AUTOS = YES_AGGRESSIVE;
				GCC_WARN_UNUSED_FUNCTION = YES;
				GCC_WARN_UNUSED_VARIABLE = YES;
				IPHONEOS_DEPLOYMENT_TARGET = 15.2;
				MTL_ENABLE_DEBUG_INFO = NO;
				MTL_FAST_MATH = YES;
				SDKROOT = iphoneos;
				SWIFT_COMPILATION_MODE = wholemodule;
				SWIFT_OPTIMIZATION_LEVEL = "-O";
				VALIDATE_PRODUCT = YES;
			};
			name = Release;
		};
		4B6516F027DD94EF00C966B3 /* Debug */ = {
			isa = XCBuildConfiguration;
			buildSettings = {
				ASSETCATALOG_COMPILER_APPICON_NAME = AppIcon;
				ASSETCATALOG_COMPILER_GLOBAL_ACCENT_COLOR_NAME = AccentColor;
				CODE_SIGN_STYLE = Automatic;
				CURRENT_PROJECT_VERSION = 1;
				DEVELOPMENT_TEAM = TK5787W3PU;
				GENERATE_INFOPLIST_FILE = YES;
				INFOPLIST_FILE = AppstoreApp/Info.plist;
				INFOPLIST_KEY_UIApplicationSupportsIndirectInputEvents = YES;
				INFOPLIST_KEY_UILaunchStoryboardName = LaunchScreen;
				INFOPLIST_KEY_UISupportedInterfaceOrientations_iPad = "UIInterfaceOrientationPortrait UIInterfaceOrientationPortraitUpsideDown UIInterfaceOrientationLandscapeLeft UIInterfaceOrientationLandscapeRight";
				INFOPLIST_KEY_UISupportedInterfaceOrientations_iPhone = "UIInterfaceOrientationPortrait UIInterfaceOrientationLandscapeLeft UIInterfaceOrientationLandscapeRight";
				LD_RUNPATH_SEARCH_PATHS = (
					"$(inherited)",
					"@executable_path/Frameworks",
				);
				MARKETING_VERSION = 1.0;
				PRODUCT_BUNDLE_IDENTIFIER = LBTA.AppstoreApp;
				PRODUCT_NAME = "$(TARGET_NAME)";
				SWIFT_EMIT_LOC_STRINGS = YES;
				SWIFT_VERSION = 5.0;
				TARGETED_DEVICE_FAMILY = 1;
			};
			name = Debug;
		};
		4B6516F127DD94EF00C966B3 /* Release */ = {
			isa = XCBuildConfiguration;
			buildSettings = {
				ASSETCATALOG_COMPILER_APPICON_NAME = AppIcon;
				ASSETCATALOG_COMPILER_GLOBAL_ACCENT_COLOR_NAME = AccentColor;
				CODE_SIGN_STYLE = Automatic;
				CURRENT_PROJECT_VERSION = 1;
				DEVELOPMENT_TEAM = TK5787W3PU;
				GENERATE_INFOPLIST_FILE = YES;
				INFOPLIST_FILE = AppstoreApp/Info.plist;
				INFOPLIST_KEY_UIApplicationSupportsIndirectInputEvents = YES;
				INFOPLIST_KEY_UILaunchStoryboardName = LaunchScreen;
				INFOPLIST_KEY_UISupportedInterfaceOrientations_iPad = "UIInterfaceOrientationPortrait UIInterfaceOrientationPortraitUpsideDown UIInterfaceOrientationLandscapeLeft UIInterfaceOrientationLandscapeRight";
				INFOPLIST_KEY_UISupportedInterfaceOrientations_iPhone = "UIInterfaceOrientationPortrait UIInterfaceOrientationLandscapeLeft UIInterfaceOrientationLandscapeRight";
				LD_RUNPATH_SEARCH_PATHS = (
					"$(inherited)",
					"@executable_path/Frameworks",
				);
				MARKETING_VERSION = 1.0;
				PRODUCT_BUNDLE_IDENTIFIER = LBTA.AppstoreApp;
				PRODUCT_NAME = "$(TARGET_NAME)";
				SWIFT_EMIT_LOC_STRINGS = YES;
				SWIFT_VERSION = 5.0;
				TARGETED_DEVICE_FAMILY = 1;
			};
			name = Release;
		};
/* End XCBuildConfiguration section */

/* Begin XCConfigurationList section */
		4B6516D627DD94EC00C966B3 /* Build configuration list for PBXProject "AppstoreApp" */ = {
			isa = XCConfigurationList;
			buildConfigurations = (
				4B6516ED27DD94EF00C966B3 /* Debug */,
				4B6516EE27DD94EF00C966B3 /* Release */,
			);
			defaultConfigurationIsVisible = 0;
			defaultConfigurationName = Release;
		};
		4B6516EF27DD94EF00C966B3 /* Build configuration list for PBXNativeTarget "AppstoreApp" */ = {
			isa = XCConfigurationList;
			buildConfigurations = (
				4B6516F027DD94EF00C966B3 /* Debug */,
				4B6516F127DD94EF00C966B3 /* Release */,
			);
			defaultConfigurationIsVisible = 0;
			defaultConfigurationName = Release;
		};
/* End XCConfigurationList section */
	};
	rootObject = 4B6516D327DD94EB00C966B3 /* Project object */;
}
